{
  "name": "bonding-soup",
  "version": "0.1.0",
  "lockfileVersion": 3,
  "requires": true,
  "packages": {
    "": {
      "name": "bonding-soup",
      "version": "0.1.0",
      "devDependencies": {
        "minisearch": "^6.3.0",
        "playwright": "^1.49.0",
        "typescript": "^4.9.0",
        "ws": "^8.14.0"
      },
      "engines": {
        "node": ">=20"
      }
    },
    "node_modules/.pnpm/@types+bcrypt@6.0.0": {
      "extraneous": true
    },
    "node_modules/.pnpm/@types+node@25.6.0": {
      "extraneous": true
    },
    "node_modules/.pnpm/express-validator@7.3.2": {
      "extraneous": true
    },
    "node_modules/.pnpm/lodash@4.18.1/node_modules/lodash": {
      "version": "4.18.1",
      "extraneous": true,
      "license": "MIT"
    },
    "node_modules/.pnpm/undici-types@7.19.2/node_modules/undici-types": {
      "version": "7.19.2",
      "extraneous": true,
      "license": "MIT"
    },
    "node_modules/.pnpm/validator@13.15.35/node_modules/validator": {
      "version": "13.15.35",
      "extraneous": true,
      "license": "MIT",
      "devDependencies": {
        "@babel/cli": "^7.0.0",
        "@babel/core": "^7.0.0",
        "@babel/preset-env": "^7.0.0",
        "@babel/register": "^7.0.0",
        "babel-eslint": "^10.0.1",
        "babel-plugin-add-module-exports": "^1.0.0",
        "eslint": "^4.19.1",
        "eslint-config-airbnb-base": "^12.1.0",
        "eslint-plugin-import": "^2.11.0",
        "mocha": "^6.2.3",
        "npm-run-all": "^4.1.5",
        "nyc": "^14.1.0",
        "rimraf": "^3.0.0",
        "rollup": "^0.47.0",
        "rollup-plugin-babel": "^4.0.1",
        "timezone-mock": "^1.3.6",
        "uglify-js": "^3.0.19"
      },
      "engines": {
        "node": ">= 0.10"
      }
    },
    "node_modules/fsevents": {
      "version": "2.3.2",
      "resolved": "https://registry.npmjs.org/fsevents/-/fsevents-2.3.2.tgz",
      "integrity": "sha512-xiqMQR4xAeHTuB9uWm+fFRcIOgKBMiOBP+eXiyT7jsgVCq1bkVygt00oASowB7EdtpOHaaPgKt812P9ab+DDKA==",
      "dev": true,
      "hasInstallScript": true,
      "license": "MIT",
      "optional": true,
      "os": [
        "darwin"
      ],
      "engines": {
        "node": "^8.16.0 || ^10.6.0 || >=11.0.0"
      }
    },
    "node_modules/minisearch": {
      "version": "6.3.0",
      "resolved": "https://registry.npmjs.org/minisearch/-/minisearch-6.3.0.tgz",
      "integrity": "sha512-ihFnidEeU8iXzcVHy74dhkxh/dn8Dc08ERl0xwoMMGqp4+LvRSCgicb+zGqWthVokQKvCSxITlh3P08OzdTYCQ==",
      "dev": true,
      "license": "MIT"
    },
    "node_modules/playwright": {
      "version": "1.59.1",
      "resolved": "https://registry.npmjs.org/playwright/-/playwright-1.59.1.tgz",
      "integrity": "sha512-C8oWjPR3F81yljW9o5OxcWzfh6avkVwDD2VYdwIGqTkl+OGFISgypqzfu7dOe4QNLL2aqcWBmI3PMtLIK233lw==",
      "dev": true,
      "license": "Apache-2.0",
      "dependencies": {
        "playwright-core": "1.59.1"
      },
      "bin": {
        "playwright": "cli.js"
      },
      "engines": {
        "node": ">=18"
      },
      "optionalDependencies": {
        "fsevents": "2.3.2"
      }
    },
    "node_modules/playwright-core": {
      "version": "1.59.1",
      "resolved": "https://registry.npmjs.org/playwright-core/-/playwright-core-1.59.1.tgz",
      "integrity": "sha512-HBV/RJg81z5BiiZ9yPzIiClYV/QMsDCKUyogwH9p3MCP6IYjUFu/MActgYAvK0oWyV9NlwM3GLBjADyWgydVyg==",
      "dev": true,
      "license": "Apache-2.0",
      "bin": {
        "playwright-core": "cli.js"
      },
      "engines": {
        "node": ">=18"
      }
    },
    "node_modules/typescript": {
      "version": "4.9.5",
      "resolved": "https://registry.npmjs.org/typescript/-/typescript-4.9.5.tgz",
      "integrity": "sha512-1FXk9E2Hm+QzZQ7z+McJiHL4NW1F2EzMu9Nq9i3zAaGqibafqYwCVU6WyWAuyQRRzOlxou8xZSyXLEN8oKj24g==",
      "dev": true,
      "license": "Apache-2.0",
      "bin": {
        "tsc": "bin/tsc",
        "tsserver": "bin/tsserver"
      },
      "engines": {
        "node": ">=4.2.0"
      }
    },
    "node_modules/ws": {
      "version": "8.20.0",
      "resolved": "https://registry.npmjs.org/ws/-/ws-8.20.0.tgz",
      "integrity": "sha512-sAt8BhgNbzCtgGbt2OxmpuryO63ZoDk/sqaB/znQm94T4fCEsy/yV+7CdC1kJhOU9lboAEU7R3kquuycDoibVA==",
      "dev": true,
      "license": "MIT",
      "engines": {
        "node": ">=10.0.0"
      },
      "peerDependencies": {
        "bufferutil": "^4.0.1",
        "utf-8-validate": ">=5.0.2"
      },
      "peerDependenciesMeta": {
        "bufferutil": {
          "optional": true
        },
        "utf-8-validate": {
          "optional": true
        }
      }
    }
  }
}
